
Microsoft Visual Studio Solution File, Format Version 12.00
# Visual Studio Version 17
VisualStudioVersion = 17.9.34616.47
MinimumVisualStudioVersion = 10.0.40219.1
Project("{FAE04EC0-301F-11D3-BF4B-00C04F79EFBC}") = "Salon", "Salon\Salon.csproj", "{6B36D1BB-40AC-43DE-9CB1-6FD571AEE9A6}"
EndProject
Global
	GlobalSection(SolutionConfigurationPlatforms) = preSolution
		Debug|Any CPU = Debug|Any CPU
		Release|Any CPU = Release|Any CPU
	EndGlobalSection
	GlobalSection(ProjectConfigurationPlatforms) = postSolution
		{6B36D1BB-40AC-43DE-9CB1-6FD571AEE9A6}.Debug|Any CPU.ActiveCfg = Debug|Any CPU
		{6B36D1BB-40AC-43DE-9CB1-6FD571AEE9A6}.Debug|Any CPU.Build.0 = Debug|Any CPU
		{6B36D1BB-40AC-43DE-9CB1-6FD571AEE9A6}.Release|Any CPU.ActiveCfg = Release|Any CPU
		{6B36D1BB-40AC-43DE-9CB1-6FD571AEE9A6}.Release|Any CPU.Build.0 = Release|Any CPU
	EndGlobalSection
	GlobalSection(SolutionProperties) = preSolution
		HideSolutionNode = FALSE
	EndGlobalSection
	GlobalSection(ExtensibilityGlobals) = postSolution
		SolutionGuid = {8B6A22A0-3C5B-470C-851B-A10C4979B124}
	EndGlobalSection
EndGlobal
